
Microsoft Visual Studio Solution File, Format Version 12.00
# Visual Studio Version 16
VisualStudioVersion = 16.0.31729.503
MinimumVisualStudioVersion = 10.0.40219.1
Project("{FAE04EC0-301F-11D3-BF4B-00C04F79EFBC}") = "Simple Calculator Test", "Simple Calculator Test\Simple Calculator Test.csproj", "{945BB68B-E94E-4A5F-871F-3E9A07D04919}"
EndProject
Global
	GlobalSection(SolutionConfigurationPlatforms) = preSolution
		Debug|Any CPU = Debug|Any CPU
		Release|Any CPU = Release|Any CPU
	EndGlobalSection
	GlobalSection(ProjectConfigurationPlatforms) = postSolution
		{945BB68B-E94E-4A5F-871F-3E9A07D04919}.Debug|Any CPU.ActiveCfg = Debug|Any CPU
		{945BB68B-E94E-4A5F-871F-3E9A07D04919}.Debug|Any CPU.Build.0 = Debug|Any CPU
		{945BB68B-E94E-4A5F-871F-3E9A07D04919}.Release|Any CPU.ActiveCfg = Release|Any CPU
		{945BB68B-E94E-4A5F-871F-3E9A07D04919}.Release|Any CPU.Build.0 = Release|Any CPU
	EndGlobalSection
	GlobalSection(SolutionProperties) = preSolution
		HideSolutionNode = FALSE
	EndGlobalSection
	GlobalSection(ExtensibilityGlobals) = postSolution
		SolutionGuid = {9D3689BC-239F-4A0C-BBC7-443162A4D398}
	EndGlobalSection
EndGlobal
