
Microsoft Visual Studio Solution File, Format Version 12.00
# Visual Studio Version 16
VisualStudioVersion = 16.0.31729.503
MinimumVisualStudioVersion = 10.0.40219.1
Project("{FAE04EC0-301F-11D3-BF4B-00C04F79EFBC}") = "Witcher Negotiations", "Witcher Negotiations\Witcher Negotiations.csproj", "{B7E98C24-F51B-4151-BCC6-F025F8613C5F}"
EndProject
Global
	GlobalSection(SolutionConfigurationPlatforms) = preSolution
		Debug|Any CPU = Debug|Any CPU
		Release|Any CPU = Release|Any CPU
	EndGlobalSection
	GlobalSection(ProjectConfigurationPlatforms) = postSolution
		{B7E98C24-F51B-4151-BCC6-F025F8613C5F}.Debug|Any CPU.ActiveCfg = Debug|Any CPU
		{B7E98C24-F51B-4151-BCC6-F025F8613C5F}.Debug|Any CPU.Build.0 = Debug|Any CPU
		{B7E98C24-F51B-4151-BCC6-F025F8613C5F}.Release|Any CPU.ActiveCfg = Release|Any CPU
		{B7E98C24-F51B-4151-BCC6-F025F8613C5F}.Release|Any CPU.Build.0 = Release|Any CPU
	EndGlobalSection
	GlobalSection(SolutionProperties) = preSolution
		HideSolutionNode = FALSE
	EndGlobalSection
	GlobalSection(ExtensibilityGlobals) = postSolution
		SolutionGuid = {C1B12BFD-459B-408A-976A-244977288B21}
	EndGlobalSection
EndGlobal
